
Microsoft Visual Studio Solution File, Format Version 12.00
# Visual Studio 2012
Project("{FAE04EC0-301F-11D3-BF4B-00C04F79EFBC}") = "HandlingOrientationChanges.Android", "HandlingOrientationChanges.Android\HandlingOrientationChanges.Android.csproj", "{5FE6922C-1716-4DFC-A11B-1F61BE0BB1D4}"
EndProject
Project("{FAE04EC0-301F-11D3-BF4B-00C04F79EFBC}") = "HandlingOrientationChanges.iOS", "HandlingOrientationChanges.iOS\HandlingOrientationChanges.iOS.csproj", "{1B09F8F5-3851-4F71-B085-E2645753DA46}"
EndProject
Project("{FAE04EC0-301F-11D3-BF4B-00C04F79EFBC}") = "HandlingOrientationChanges", "HandlingOrientationChanges\HandlingOrientationChanges.csproj", "{73FC2210-B352-4CAF-9A73-A3B6E32A7B43}"
EndProject
Global
	GlobalSection(SolutionConfigurationPlatforms) = preSolution
		Debug|Any CPU = Debug|Any CPU
		Release|Any CPU = Release|Any CPU
		Debug|iPhoneSimulator = Debug|iPhoneSimulator
		Release|iPhoneSimulator = Release|iPhoneSimulator
		Debug|iPhone = Debug|iPhone
		Release|iPhone = Release|iPhone
		Ad-Hoc|iPhone = Ad-Hoc|iPhone
		AppStore|iPhone = AppStore|iPhone
	EndGlobalSection
	GlobalSection(ProjectConfigurationPlatforms) = postSolution
		{5FE6922C-1716-4DFC-A11B-1F61BE0BB1D4}.Debug|Any CPU.ActiveCfg = Debug|Any CPU
		{5FE6922C-1716-4DFC-A11B-1F61BE0BB1D4}.Debug|Any CPU.Build.0 = Debug|Any CPU
		{5FE6922C-1716-4DFC-A11B-1F61BE0BB1D4}.Release|Any CPU.ActiveCfg = Release|Any CPU
		{5FE6922C-1716-4DFC-A11B-1F61BE0BB1D4}.Release|Any CPU.Build.0 = Release|Any CPU
		{5FE6922C-1716-4DFC-A11B-1F61BE0BB1D4}.Debug|iPhoneSimulator.ActiveCfg = Debug|Any CPU
		{5FE6922C-1716-4DFC-A11B-1F61BE0BB1D4}.Debug|iPhoneSimulator.Build.0 = Debug|Any CPU
		{5FE6922C-1716-4DFC-A11B-1F61BE0BB1D4}.Release|iPhoneSimulator.ActiveCfg = Release|Any CPU
		{5FE6922C-1716-4DFC-A11B-1F61BE0BB1D4}.Release|iPhoneSimulator.Build.0 = Release|Any CPU
		{5FE6922C-1716-4DFC-A11B-1F61BE0BB1D4}.Debug|iPhone.ActiveCfg = Debug|Any CPU
		{5FE6922C-1716-4DFC-A11B-1F61BE0BB1D4}.Debug|iPhone.Build.0 = Debug|Any CPU
		{5FE6922C-1716-4DFC-A11B-1F61BE0BB1D4}.Release|iPhone.ActiveCfg = Release|Any CPU
		{5FE6922C-1716-4DFC-A11B-1F61BE0BB1D4}.Release|iPhone.Build.0 = Release|Any CPU
		{5FE6922C-1716-4DFC-A11B-1F61BE0BB1D4}.Ad-Hoc|iPhone.ActiveCfg = Debug|Any CPU
		{5FE6922C-1716-4DFC-A11B-1F61BE0BB1D4}.Ad-Hoc|iPhone.Build.0 = Debug|Any CPU
		{5FE6922C-1716-4DFC-A11B-1F61BE0BB1D4}.AppStore|iPhone.ActiveCfg = Debug|Any CPU
		{5FE6922C-1716-4DFC-A11B-1F61BE0BB1D4}.AppStore|iPhone.Build.0 = Debug|Any CPU
		{1B09F8F5-3851-4F71-B085-E2645753DA46}.Debug|Any CPU.ActiveCfg = Debug|iPhoneSimulator
		{1B09F8F5-3851-4F71-B085-E2645753DA46}.Debug|Any CPU.Build.0 = Debug|iPhoneSimulator
		{1B09F8F5-3851-4F71-B085-E2645753DA46}.Release|Any CPU.ActiveCfg = Release|iPhoneSimulator
		{1B09F8F5-3851-4F71-B085-E2645753DA46}.Release|Any CPU.Build.0 = Release|iPhoneSimulator
		{1B09F8F5-3851-4F71-B085-E2645753DA46}.Debug|iPhoneSimulator.ActiveCfg = Debug|iPhoneSimulator
		{1B09F8F5-3851-4F71-B085-E2645753DA46}.Debug|iPhoneSimulator.Build.0 = Debug|iPhoneSimulator
		{1B09F8F5-3851-4F71-B085-E2645753DA46}.Release|iPhoneSimulator.ActiveCfg = Release|iPhoneSimulator
		{1B09F8F5-3851-4F71-B085-E2645753DA46}.Release|iPhoneSimulator.Build.0 = Release|iPhoneSimulator
		{1B09F8F5-3851-4F71-B085-E2645753DA46}.Debug|iPhone.ActiveCfg = Debug|iPhone
		{1B09F8F5-3851-4F71-B085-E2645753DA46}.Debug|iPhone.Build.0 = Debug|iPhone
		{1B09F8F5-3851-4F71-B085-E2645753DA46}.Release|iPhone.ActiveCfg = Release|iPhone
		{1B09F8F5-3851-4F71-B085-E2645753DA46}.Release|iPhone.Build.0 = Release|iPhone
		{1B09F8F5-3851-4F71-B085-E2645753DA46}.Ad-Hoc|iPhone.ActiveCfg = Ad-Hoc|iPhone
		{1B09F8F5-3851-4F71-B085-E2645753DA46}.Ad-Hoc|iPhone.Build.0 = Ad-Hoc|iPhone
		{1B09F8F5-3851-4F71-B085-E2645753DA46}.AppStore|iPhone.ActiveCfg = AppStore|iPhone
		{1B09F8F5-3851-4F71-B085-E2645753DA46}.AppStore|iPhone.Build.0 = AppStore|iPhone
		{73FC2210-B352-4CAF-9A73-A3B6E32A7B43}.Debug|Any CPU.ActiveCfg = Debug|Any CPU
		{73FC2210-B352-4CAF-9A73-A3B6E32A7B43}.Debug|Any CPU.Build.0 = Debug|Any CPU
		{73FC2210-B352-4CAF-9A73-A3B6E32A7B43}.Release|Any CPU.ActiveCfg = Release|Any CPU
		{73FC2210-B352-4CAF-9A73-A3B6E32A7B43}.Release|Any CPU.Build.0 = Release|Any CPU
		{73FC2210-B352-4CAF-9A73-A3B6E32A7B43}.Debug|iPhoneSimulator.ActiveCfg = Debug|Any CPU
		{73FC2210-B352-4CAF-9A73-A3B6E32A7B43}.Debug|iPhoneSimulator.Build.0 = Debug|Any CPU
		{73FC2210-B352-4CAF-9A73-A3B6E32A7B43}.Release|iPhoneSimulator.ActiveCfg = Release|Any CPU
		{73FC2210-B352-4CAF-9A73-A3B6E32A7B43}.Release|iPhoneSimulator.Build.0 = Release|Any CPU
		{73FC2210-B352-4CAF-9A73-A3B6E32A7B43}.Debug|iPhone.ActiveCfg = Debug|Any CPU
		{73FC2210-B352-4CAF-9A73-A3B6E32A7B43}.Debug|iPhone.Build.0 = Debug|Any CPU
		{73FC2210-B352-4CAF-9A73-A3B6E32A7B43}.Release|iPhone.ActiveCfg = Release|Any CPU
		{73FC2210-B352-4CAF-9A73-A3B6E32A7B43}.Release|iPhone.Build.0 = Release|Any CPU
		{73FC2210-B352-4CAF-9A73-A3B6E32A7B43}.Ad-Hoc|iPhone.ActiveCfg = Debug|Any CPU
		{73FC2210-B352-4CAF-9A73-A3B6E32A7B43}.Ad-Hoc|iPhone.Build.0 = Debug|Any CPU
		{73FC2210-B352-4CAF-9A73-A3B6E32A7B43}.AppStore|iPhone.ActiveCfg = Debug|Any CPU
		{73FC2210-B352-4CAF-9A73-A3B6E32A7B43}.AppStore|iPhone.Build.0 = Debug|Any CPU
	EndGlobalSection
EndGlobal
